
Microsoft Visual Studio Solution File, Format Version 12.00
# Visual Studio Version 16
VisualStudioVersion = 16.0.33328.57
MinimumVisualStudioVersion = 10.0.40219.1
Project("{8BC9CEB8-8B4A-11D0-8D11-00A0C91BC942}") = "Vectores1POO", "Vectores1POO\Vectores1POO.vcxproj", "{C60E7AF2-4DB9-4991-A8CA-46FCC3C877BA}"
EndProject
Global
	GlobalSection(SolutionConfigurationPlatforms) = preSolution
		Debug|x64 = Debug|x64
		Debug|x86 = Debug|x86
		Release|x64 = Release|x64
		Release|x86 = Release|x86
	EndGlobalSection
	GlobalSection(ProjectConfigurationPlatforms) = postSolution
		{C60E7AF2-4DB9-4991-A8CA-46FCC3C877BA}.Debug|x64.ActiveCfg = Debug|x64
		{C60E7AF2-4DB9-4991-A8CA-46FCC3C877BA}.Debug|x64.Build.0 = Debug|x64
		{C60E7AF2-4DB9-4991-A8CA-46FCC3C877BA}.Debug|x86.ActiveCfg = Debug|Win32
		{C60E7AF2-4DB9-4991-A8CA-46FCC3C877BA}.Debug|x86.Build.0 = Debug|Win32
		{C60E7AF2-4DB9-4991-A8CA-46FCC3C877BA}.Release|x64.ActiveCfg = Release|x64
		{C60E7AF2-4DB9-4991-A8CA-46FCC3C877BA}.Release|x64.Build.0 = Release|x64
		{C60E7AF2-4DB9-4991-A8CA-46FCC3C877BA}.Release|x86.ActiveCfg = Release|Win32
		{C60E7AF2-4DB9-4991-A8CA-46FCC3C877BA}.Release|x86.Build.0 = Release|Win32
	EndGlobalSection
	GlobalSection(SolutionProperties) = preSolution
		HideSolutionNode = FALSE
	EndGlobalSection
	GlobalSection(ExtensibilityGlobals) = postSolution
		SolutionGuid = {510E261C-0DD4-4ADB-BF09-94C8E91F4690}
	EndGlobalSection
EndGlobal
