
Microsoft Visual Studio Solution File, Format Version 12.00
# Visual Studio Version 16
VisualStudioVersion = 16.0.33328.57
MinimumVisualStudioVersion = 10.0.40219.1
Project("{8BC9CEB8-8B4A-11D0-8D11-00A0C91BC942}") = "ConstructorPOO", "ConstructorPOO\ConstructorPOO.vcxproj", "{E4690D4C-9721-4D5E-A80F-98BC1C3978B9}"
EndProject
Global
	GlobalSection(SolutionConfigurationPlatforms) = preSolution
		Debug|x64 = Debug|x64
		Debug|x86 = Debug|x86
		Release|x64 = Release|x64
		Release|x86 = Release|x86
	EndGlobalSection
	GlobalSection(ProjectConfigurationPlatforms) = postSolution
		{E4690D4C-9721-4D5E-A80F-98BC1C3978B9}.Debug|x64.ActiveCfg = Debug|x64
		{E4690D4C-9721-4D5E-A80F-98BC1C3978B9}.Debug|x64.Build.0 = Debug|x64
		{E4690D4C-9721-4D5E-A80F-98BC1C3978B9}.Debug|x86.ActiveCfg = Debug|Win32
		{E4690D4C-9721-4D5E-A80F-98BC1C3978B9}.Debug|x86.Build.0 = Debug|Win32
		{E4690D4C-9721-4D5E-A80F-98BC1C3978B9}.Release|x64.ActiveCfg = Release|x64
		{E4690D4C-9721-4D5E-A80F-98BC1C3978B9}.Release|x64.Build.0 = Release|x64
		{E4690D4C-9721-4D5E-A80F-98BC1C3978B9}.Release|x86.ActiveCfg = Release|Win32
		{E4690D4C-9721-4D5E-A80F-98BC1C3978B9}.Release|x86.Build.0 = Release|Win32
	EndGlobalSection
	GlobalSection(SolutionProperties) = preSolution
		HideSolutionNode = FALSE
	EndGlobalSection
	GlobalSection(ExtensibilityGlobals) = postSolution
		SolutionGuid = {DD2E8C93-1684-4C2D-BC69-275A873D2415}
	EndGlobalSection
EndGlobal
