
Microsoft Visual Studio Solution File, Format Version 12.00
# Visual Studio Version 16
VisualStudioVersion = 16.0.33328.57
MinimumVisualStudioVersion = 10.0.40219.1
Project("{8BC9CEB8-8B4A-11D0-8D11-00A0C91BC942}") = "MetodosReturn", "MetodosReturn\MetodosReturn.vcxproj", "{6C0F39FC-1D57-4288-8119-2B8DBCCB6346}"
EndProject
Global
	GlobalSection(SolutionConfigurationPlatforms) = preSolution
		Debug|x64 = Debug|x64
		Debug|x86 = Debug|x86
		Release|x64 = Release|x64
		Release|x86 = Release|x86
	EndGlobalSection
	GlobalSection(ProjectConfigurationPlatforms) = postSolution
		{6C0F39FC-1D57-4288-8119-2B8DBCCB6346}.Debug|x64.ActiveCfg = Debug|x64
		{6C0F39FC-1D57-4288-8119-2B8DBCCB6346}.Debug|x64.Build.0 = Debug|x64
		{6C0F39FC-1D57-4288-8119-2B8DBCCB6346}.Debug|x86.ActiveCfg = Debug|Win32
		{6C0F39FC-1D57-4288-8119-2B8DBCCB6346}.Debug|x86.Build.0 = Debug|Win32
		{6C0F39FC-1D57-4288-8119-2B8DBCCB6346}.Release|x64.ActiveCfg = Release|x64
		{6C0F39FC-1D57-4288-8119-2B8DBCCB6346}.Release|x64.Build.0 = Release|x64
		{6C0F39FC-1D57-4288-8119-2B8DBCCB6346}.Release|x86.ActiveCfg = Release|Win32
		{6C0F39FC-1D57-4288-8119-2B8DBCCB6346}.Release|x86.Build.0 = Release|Win32
	EndGlobalSection
	GlobalSection(SolutionProperties) = preSolution
		HideSolutionNode = FALSE
	EndGlobalSection
	GlobalSection(ExtensibilityGlobals) = postSolution
		SolutionGuid = {D110EEA3-DFBC-4B62-AE55-03BBC2E92F81}
	EndGlobalSection
EndGlobal
